
Microsoft Visual Studio Solution File, Format Version 12.00
# Visual Studio 15
VisualStudioVersion = 15.0.28307.271
MinimumVisualStudioVersion = 10.0.40219.1
Project("{FAE04EC0-301F-11D3-BF4B-00C04F79EFBC}") = "Class2InAssign", "Class2InAssign\Class2InAssign.csproj", "{AE7FD4C2-07C5-4B59-A901-20AB4B7757D7}"
EndProject
Global
	GlobalSection(SolutionConfigurationPlatforms) = preSolution
		Debug|Any CPU = Debug|Any CPU
		Release|Any CPU = Release|Any CPU
	EndGlobalSection
	GlobalSection(ProjectConfigurationPlatforms) = postSolution
		{AE7FD4C2-07C5-4B59-A901-20AB4B7757D7}.Debug|Any CPU.ActiveCfg = Debug|Any CPU
		{AE7FD4C2-07C5-4B59-A901-20AB4B7757D7}.Debug|Any CPU.Build.0 = Debug|Any CPU
		{AE7FD4C2-07C5-4B59-A901-20AB4B7757D7}.Release|Any CPU.ActiveCfg = Release|Any CPU
		{AE7FD4C2-07C5-4B59-A901-20AB4B7757D7}.Release|Any CPU.Build.0 = Release|Any CPU
	EndGlobalSection
	GlobalSection(SolutionProperties) = preSolution
		HideSolutionNode = FALSE
	EndGlobalSection
	GlobalSection(ExtensibilityGlobals) = postSolution
		SolutionGuid = {091DCA0F-8280-40E6-974D-4AAE6D30A935}
	EndGlobalSection
EndGlobal
