
Microsoft Visual Studio Solution File, Format Version 12.00
# Visual Studio 15
VisualStudioVersion = 15.0.28307.271
MinimumVisualStudioVersion = 10.0.40219.1
Project("{FAE04EC0-301F-11D3-BF4B-00C04F79EFBC}") = "Assignment1", "Assignment1\Assignment1.csproj", "{F28CC1D5-90F1-4B84-AA26-6C356A0D0B4D}"
EndProject
Global
	GlobalSection(SolutionConfigurationPlatforms) = preSolution
		Debug|Any CPU = Debug|Any CPU
		Release|Any CPU = Release|Any CPU
	EndGlobalSection
	GlobalSection(ProjectConfigurationPlatforms) = postSolution
		{F28CC1D5-90F1-4B84-AA26-6C356A0D0B4D}.Debug|Any CPU.ActiveCfg = Debug|Any CPU
		{F28CC1D5-90F1-4B84-AA26-6C356A0D0B4D}.Debug|Any CPU.Build.0 = Debug|Any CPU
		{F28CC1D5-90F1-4B84-AA26-6C356A0D0B4D}.Release|Any CPU.ActiveCfg = Release|Any CPU
		{F28CC1D5-90F1-4B84-AA26-6C356A0D0B4D}.Release|Any CPU.Build.0 = Release|Any CPU
	EndGlobalSection
	GlobalSection(SolutionProperties) = preSolution
		HideSolutionNode = FALSE
	EndGlobalSection
	GlobalSection(ExtensibilityGlobals) = postSolution
		SolutionGuid = {ECC5E8A0-DF11-4B8F-94E5-33B71C5E520B}
	EndGlobalSection
EndGlobal
