
Microsoft Visual Studio Solution File, Format Version 12.00
# Visual Studio 15
VisualStudioVersion = 15.0.28307.271
MinimumVisualStudioVersion = 10.0.40219.1
Project("{FAE04EC0-301F-11D3-BF4B-00C04F79EFBC}") = "ConsoleApp1", "ConsoleApp1\ConsoleApp1.csproj", "{0127994F-9381-474E-AD9D-048716654E50}"
EndProject
Project("{2150E333-8FDC-42A3-9474-1A3956D46DE8}") = "Console1Class1", "Console1Class1", "{88D840A9-2123-4866-BAFE-B571D1C3487D}"
EndProject
Global
	GlobalSection(SolutionConfigurationPlatforms) = preSolution
		Debug|Any CPU = Debug|Any CPU
		Release|Any CPU = Release|Any CPU
	EndGlobalSection
	GlobalSection(ProjectConfigurationPlatforms) = postSolution
		{0127994F-9381-474E-AD9D-048716654E50}.Debug|Any CPU.ActiveCfg = Debug|Any CPU
		{0127994F-9381-474E-AD9D-048716654E50}.Debug|Any CPU.Build.0 = Debug|Any CPU
		{0127994F-9381-474E-AD9D-048716654E50}.Release|Any CPU.ActiveCfg = Release|Any CPU
		{0127994F-9381-474E-AD9D-048716654E50}.Release|Any CPU.Build.0 = Release|Any CPU
	EndGlobalSection
	GlobalSection(SolutionProperties) = preSolution
		HideSolutionNode = FALSE
	EndGlobalSection
	GlobalSection(ExtensibilityGlobals) = postSolution
		SolutionGuid = {455AA1D3-EF78-43BF-8B3A-BEFAB9F241A1}
	EndGlobalSection
EndGlobal
